
Microsoft Visual Studio Solution File, Format Version 12.00
# Visual Studio Version 17
VisualStudioVersion = 17.11.35431.28
MinimumVisualStudioVersion = 10.0.40219.1
Project("{FAE04EC0-301F-11D3-BF4B-00C04F79EFBC}") = "StopwatchTimer", "StopwatchTimer\StopwatchTimer.csproj", "{50E92BB8-13AC-42F4-87E1-9E8888721C3C}"
EndProject
Global
	GlobalSection(SolutionConfigurationPlatforms) = preSolution
		Debug|Any CPU = Debug|Any CPU
		Release|Any CPU = Release|Any CPU
	EndGlobalSection
	GlobalSection(ProjectConfigurationPlatforms) = postSolution
		{50E92BB8-13AC-42F4-87E1-9E8888721C3C}.Debug|Any CPU.ActiveCfg = Debug|Any CPU
		{50E92BB8-13AC-42F4-87E1-9E8888721C3C}.Debug|Any CPU.Build.0 = Debug|Any CPU
		{50E92BB8-13AC-42F4-87E1-9E8888721C3C}.Release|Any CPU.ActiveCfg = Release|Any CPU
		{50E92BB8-13AC-42F4-87E1-9E8888721C3C}.Release|Any CPU.Build.0 = Release|Any CPU
	EndGlobalSection
	GlobalSection(SolutionProperties) = preSolution
		HideSolutionNode = FALSE
	EndGlobalSection
	GlobalSection(ExtensibilityGlobals) = postSolution
		SolutionGuid = {D158F669-EC20-499D-9159-35D4DE6F8498}
	EndGlobalSection
EndGlobal
