
Microsoft Visual Studio Solution File, Format Version 12.00
# Visual Studio Version 17
VisualStudioVersion = 17.11.35431.28
MinimumVisualStudioVersion = 10.0.40219.1
Project("{FAE04EC0-301F-11D3-BF4B-00C04F79EFBC}") = "iniFileTest", "iniFileTest\iniFileTest.csproj", "{93D15C3A-90D7-45EA-8FC9-5EB567E6540E}"
EndProject
Global
	GlobalSection(SolutionConfigurationPlatforms) = preSolution
		Debug|Any CPU = Debug|Any CPU
		Release|Any CPU = Release|Any CPU
	EndGlobalSection
	GlobalSection(ProjectConfigurationPlatforms) = postSolution
		{93D15C3A-90D7-45EA-8FC9-5EB567E6540E}.Debug|Any CPU.ActiveCfg = Debug|Any CPU
		{93D15C3A-90D7-45EA-8FC9-5EB567E6540E}.Debug|Any CPU.Build.0 = Debug|Any CPU
		{93D15C3A-90D7-45EA-8FC9-5EB567E6540E}.Release|Any CPU.ActiveCfg = Release|Any CPU
		{93D15C3A-90D7-45EA-8FC9-5EB567E6540E}.Release|Any CPU.Build.0 = Release|Any CPU
	EndGlobalSection
	GlobalSection(SolutionProperties) = preSolution
		HideSolutionNode = FALSE
	EndGlobalSection
	GlobalSection(ExtensibilityGlobals) = postSolution
		SolutionGuid = {A58F428A-7BFE-4E63-A2EE-B688E60D7B5B}
	EndGlobalSection
EndGlobal
